// !$*UTF8*$!
{
	archiveVersion = 1;
	classes = {
	};
	objectVersion = 56;
	objects = {

/* Begin PBXBuildFile section */
		4902BF082B8B989B00F95610 /* LandmarkList.swift in Sources */ = {isa = PBXBuildFile; fileRef = 4902BF072B8B989B00F95610 /* LandmarkList.swift */; };
		4902BF0A2B8B9B7500F95610 /* LandmarkDetail.swift in Sources */ = {isa = PBXBuildFile; fileRef = 4902BF092B8B9B7500F95610 /* LandmarkDetail.swift */; };
		49C26FAC2B894F930042F008 /* LandmarksApp.swift in Sources */ = {isa = PBXBuildFile; fileRef = 49C26FAB2B894F930042F008 /* LandmarksApp.swift */; };
		49C26FAE2B894F930042F008 /* ContentView.swift in Sources */ = {isa = PBXBuildFile; fileRef = 49C26FAD2B894F930042F008 /* ContentView.swift */; };
		49C26FB02B894F970042F008 /* Assets.xcassets in Resources */ = {isa = PBXBuildFile; fileRef = 49C26FAF2B894F970042F008 /* Assets.xcassets */; };
		49C26FB32B894F970042F008 /* Preview Assets.xcassets in Resources */ = {isa = PBXBuildFile; fileRef = 49C26FB22B894F970042F008 /* Preview Assets.xcassets */; };
		49C26FBD2B894F970042F008 /* LandmarksTests.swift in Sources */ = {isa = PBXBuildFile; fileRef = 49C26FBC2B894F970042F008 /* LandmarksTests.swift */; };
		49C26FC72B894F970042F008 /* LandmarksUITests.swift in Sources */ = {isa = PBXBuildFile; fileRef = 49C26FC62B894F970042F008 /* LandmarksUITests.swift */; };
		49C26FC92B894F970042F008 /* LandmarksUITestsLaunchTests.swift in Sources */ = {isa = PBXBuildFile; fileRef = 49C26FC82B894F970042F008 /* LandmarksUITestsLaunchTests.swift */; };
		49C26FD82B89577E0042F008 /* CircleImage.swift in Sources */ = {isa = PBXBuildFile; fileRef = 49C26FD72B89577E0042F008 /* CircleImage.swift */; };
		49C26FDA2B8961050042F008 /* MapView.swift in Sources */ = {isa = PBXBuildFile; fileRef = 49C26FD92B8961050042F008 /* MapView.swift */; };
		49C26FDC2B896BA70042F008 /* landmarkData.json in Resources */ = {isa = PBXBuildFile; fileRef = 49C26FDB2B896BA70042F008 /* landmarkData.json */; };
		49C26FDE2B896BE00042F008 /* Landmark.swift in Sources */ = {isa = PBXBuildFile; fileRef = 49C26FDD2B896BE00042F008 /* Landmark.swift */; };
		49C26FE02B896ED60042F008 /* ModelData.swift in Sources */ = {isa = PBXBuildFile; fileRef = 49C26FDF2B896ED60042F008 /* ModelData.swift */; };
		49C26FE52B8975220042F008 /* LandmarkRow.swift in Sources */ = {isa = PBXBuildFile; fileRef = 49C26FE42B8975220042F008 /* LandmarkRow.swift */; };
		49DB919F2B8BE760001DF4EE /* FavoriteButton.swift in Sources */ = {isa = PBXBuildFile; fileRef = 49DB919E2B8BE760001DF4EE /* FavoriteButton.swift */; };
		49DB91A32B8BF1DE001DF4EE /* HexagonParameters.swift in Sources */ = {isa = PBXBuildFile; fileRef = 49DB91A22B8BF1DE001DF4EE /* HexagonParameters.swift */; };
		49DB91A52B8BF491001DF4EE /* BadgeBackground.swift in Sources */ = {isa = PBXBuildFile; fileRef = 49DB91A42B8BF491001DF4EE /* BadgeBackground.swift */; };
		49DB91A72B8BFABB001DF4EE /* landmark_app_icon_1024x1024.png in Resources */ = {isa = PBXBuildFile; fileRef = 49DB91A62B8BFABB001DF4EE /* landmark_app_icon_1024x1024.png */; };
		49DB91A92B8BFC28001DF4EE /* BadgeSymbol.swift in Sources */ = {isa = PBXBuildFile; fileRef = 49DB91A82B8BFC28001DF4EE /* BadgeSymbol.swift */; };
/* End PBXBuildFile section */

/* Begin PBXContainerItemProxy section */
		49C26FB92B894F970042F008 /* PBXContainerItemProxy */ = {
			isa = PBXContainerItemProxy;
			containerPortal = 49C26FA02B894F930042F008 /* Project object */;
			proxyType = 1;
			remoteGlobalIDString = 49C26FA72B894F930042F008;
			remoteInfo = Landmarks;
		};
		49C26FC32B894F970042F008 /* PBXContainerItemProxy */ = {
			isa = PBXContainerItemProxy;
			containerPortal = 49C26FA02B894F930042F008 /* Project object */;
			proxyType = 1;
			remoteGlobalIDString = 49C26FA72B894F930042F008;
			remoteInfo = Landmarks;
		};
/* End PBXContainerItemProxy section */

/* Begin PBXFileReference section */
		4902BF072B8B989B00F95610 /* LandmarkList.swift */ = {isa = PBXFileReference; lastKnownFileType = sourcecode.swift; path = LandmarkList.swift; sourceTree = "<group>"; };
		4902BF092B8B9B7500F95610 /* LandmarkDetail.swift */ = {isa = PBXFileReference; lastKnownFileType = sourcecode.swift; path = LandmarkDetail.swift; sourceTree = "<group>"; };
		49C26FA82B894F930042F008 /* Landmarks.app */ = {isa = PBXFileReference; explicitFileType = wrapper.application; includeInIndex = 0; path = Landmarks.app; sourceTree = BUILT_PRODUCTS_DIR; };
		49C26FAB2B894F930042F008 /* LandmarksApp.swift */ = {isa = PBXFileReference; lastKnownFileType = sourcecode.swift; path = LandmarksApp.swift; sourceTree = "<group>"; };
		49C26FAD2B894F930042F008 /* ContentView.swift */ = {isa = PBXFileReference; lastKnownFileType = sourcecode.swift; path = ContentView.swift; sourceTree = "<group>"; };
		49C26FAF2B894F970042F008 /* Assets.xcassets */ = {isa = PBXFileReference; lastKnownFileType = folder.assetcatalog; path = Assets.xcassets; sourceTree = "<group>"; };
		49C26FB22B894F970042F008 /* Preview Assets.xcassets */ = {isa = PBXFileReference; lastKnownFileType = folder.assetcatalog; path = "Preview Assets.xcassets"; sourceTree = "<group>"; };
		49C26FB82B894F970042F008 /* LandmarksTests.xctest */ = {isa = PBXFileReference; explicitFileType = wrapper.cfbundle; includeInIndex = 0; path = LandmarksTests.xctest; sourceTree = BUILT_PRODUCTS_DIR; };
		49C26FBC2B894F970042F008 /* LandmarksTests.swift */ = {isa = PBXFileReference; lastKnownFileType = sourcecode.swift; path = LandmarksTests.swift; sourceTree = "<group>"; };
		49C26FC22B894F970042F008 /* LandmarksUITests.xctest */ = {isa = PBXFileReference; explicitFileType = wrapper.cfbundle; includeInIndex = 0; path = LandmarksUITests.xctest; sourceTree = BUILT_PRODUCTS_DIR; };
		49C26FC62B894F970042F008 /* LandmarksUITests.swift */ = {isa = PBXFileReference; lastKnownFileType = sourcecode.swift; path = LandmarksUITests.swift; sourceTree = "<group>"; };
		49C26FC82B894F970042F008 /* LandmarksUITestsLaunchTests.swift */ = {isa = PBXFileReference; lastKnownFileType = sourcecode.swift; path = LandmarksUITestsLaunchTests.swift; sourceTree = "<group>"; };
		49C26FD72B89577E0042F008 /* CircleImage.swift */ = {isa = PBXFileReference; lastKnownFileType = sourcecode.swift; path = CircleImage.swift; sourceTree = "<group>"; };
		49C26FD92B8961050042F008 /* MapView.swift */ = {isa = PBXFileReference; lastKnownFileType = sourcecode.swift; path = MapView.swift; sourceTree = "<group>"; };
		49C26FDB2B896BA70042F008 /* landmarkData.json */ = {isa = PBXFileReference; fileEncoding = 4; lastKnownFileType = text.json; path = landmarkData.json; sourceTree = "<group>"; };
		49C26FDD2B896BE00042F008 /* Landmark.swift */ = {isa = PBXFileReference; lastKnownFileType = sourcecode.swift; path = Landmark.swift; sourceTree = "<group>"; };
		49C26FDF2B896ED60042F008 /* ModelData.swift */ = {isa = PBXFileReference; lastKnownFileType = sourcecode.swift; path = ModelData.swift; sourceTree = "<group>"; };
		49C26FE42B8975220042F008 /* LandmarkRow.swift */ = {isa = PBXFileReference; lastKnownFileType = sourcecode.swift; path = LandmarkRow.swift; sourceTree = "<group>"; };
		49DB919E2B8BE760001DF4EE /* FavoriteButton.swift */ = {isa = PBXFileReference; lastKnownFileType = sourcecode.swift; path = FavoriteButton.swift; sourceTree = "<group>"; };
		49DB91A22B8BF1DE001DF4EE /* HexagonParameters.swift */ = {isa = PBXFileReference; lastKnownFileType = sourcecode.swift; path = HexagonParameters.swift; sourceTree = "<group>"; };
		49DB91A42B8BF491001DF4EE /* BadgeBackground.swift */ = {isa = PBXFileReference; lastKnownFileType = sourcecode.swift; path = BadgeBackground.swift; sourceTree = "<group>"; };
		49DB91A62B8BFABB001DF4EE /* landmark_app_icon_1024x1024.png */ = {isa = PBXFileReference; lastKnownFileType = image.png; path = landmark_app_icon_1024x1024.png; sourceTree = "<group>"; };
		49DB91A82B8BFC28001DF4EE /* BadgeSymbol.swift */ = {isa = PBXFileReference; lastKnownFileType = sourcecode.swift; path = BadgeSymbol.swift; sourceTree = "<group>"; };
/* End PBXFileReference section */

/* Begin PBXFrameworksBuildPhase section */
		49C26FA52B894F930042F008 /* Frameworks */ = {
			isa = PBXFrameworksBuildPhase;
			buildActionMask = 2147483647;
			files = (
			);
			runOnlyForDeploymentPostprocessing = 0;
		};
		49C26FB52B894F970042F008 /* Frameworks */ = {
			isa = PBXFrameworksBuildPhase;
			buildActionMask = 2147483647;
			files = (
			);
			runOnlyForDeploymentPostprocessing = 0;
		};
		49C26FBF2B894F970042F008 /* Frameworks */ = {
			isa = PBXFrameworksBuildPhase;
			buildActionMask = 2147483647;
			files = (
			);
			runOnlyForDeploymentPostprocessing = 0;
		};
/* End PBXFrameworksBuildPhase section */

/* Begin PBXGroup section */
		49C26F9F2B894F930042F008 = {
			isa = PBXGroup;
			children = (
				49C26FAA2B894F930042F008 /* Landmarks */,
				49C26FBB2B894F970042F008 /* LandmarksTests */,
				49C26FC52B894F970042F008 /* LandmarksUITests */,
				49C26FA92B894F930042F008 /* Products */,
			);
			sourceTree = "<group>";
		};
		49C26FA92B894F930042F008 /* Products */ = {
			isa = PBXGroup;
			children = (
				49C26FA82B894F930042F008 /* Landmarks.app */,
				49C26FB82B894F970042F008 /* LandmarksTests.xctest */,
				49C26FC22B894F970042F008 /* LandmarksUITests.xctest */,
			);
			name = Products;
			sourceTree = "<group>";
		};
		49C26FAA2B894F930042F008 /* Landmarks */ = {
			isa = PBXGroup;
			children = (
				49C26FAB2B894F930042F008 /* LandmarksApp.swift */,
				49C26FE22B8974B00042F008 /* Model */,
				49C26FE12B89749B0042F008 /* Views */,
				49C26FE32B8974E30042F008 /* Resources */,
				49C26FAF2B894F970042F008 /* Assets.xcassets */,
				49C26FB12B894F970042F008 /* Preview Content */,
			);
			path = Landmarks;
			sourceTree = "<group>";
		};
		49C26FB12B894F970042F008 /* Preview Content */ = {
			isa = PBXGroup;
			children = (
				49C26FB22B894F970042F008 /* Preview Assets.xcassets */,
			);
			path = "Preview Content";
			sourceTree = "<group>";
		};
		49C26FBB2B894F970042F008 /* LandmarksTests */ = {
			isa = PBXGroup;
			children = (
				49C26FBC2B894F970042F008 /* LandmarksTests.swift */,
			);
			path = LandmarksTests;
			sourceTree = "<group>";
		};
		49C26FC52B894F970042F008 /* LandmarksUITests */ = {
			isa = PBXGroup;
			children = (
				49C26FC62B894F970042F008 /* LandmarksUITests.swift */,
				49C26FC82B894F970042F008 /* LandmarksUITestsLaunchTests.swift */,
			);
			path = LandmarksUITests;
			sourceTree = "<group>";
		};
		49C26FE12B89749B0042F008 /* Views */ = {
			isa = PBXGroup;
			children = (
				49C26FAD2B894F930042F008 /* ContentView.swift */,
				49DB91A12B8BE91D001DF4EE /* Helper */,
				49DB91A02B8BE912001DF4EE /* Landmarks */,
				49DB91A22B8BF1DE001DF4EE /* HexagonParameters.swift */,
				49DB91A42B8BF491001DF4EE /* BadgeBackground.swift */,
				49DB91A82B8BFC28001DF4EE /* BadgeSymbol.swift */,
			);
			path = Views;
			sourceTree = "<group>";
		};
		49C26FE22B8974B00042F008 /* Model */ = {
			isa = PBXGroup;
			children = (
				49C26FDD2B896BE00042F008 /* Landmark.swift */,
				49C26FDF2B896ED60042F008 /* ModelData.swift */,
			);
			path = Model;
			sourceTree = "<group>";
		};
		49C26FE32B8974E30042F008 /* Resources */ = {
			isa = PBXGroup;
			children = (
				49DB91A62B8BFABB001DF4EE /* landmark_app_icon_1024x1024.png */,
				49C26FDB2B896BA70042F008 /* landmarkData.json */,
			);
			path = Resources;
			sourceTree = "<group>";
		};
		49DB91A02B8BE912001DF4EE /* Landmarks */ = {
			isa = PBXGroup;
			children = (
				4902BF092B8B9B7500F95610 /* LandmarkDetail.swift */,
				49C26FE42B8975220042F008 /* LandmarkRow.swift */,
				4902BF072B8B989B00F95610 /* LandmarkList.swift */,
			);
			path = Landmarks;
			sourceTree = "<group>";
		};
		49DB91A12B8BE91D001DF4EE /* Helper */ = {
			isa = PBXGroup;
			children = (
				49DB919E2B8BE760001DF4EE /* FavoriteButton.swift */,
				49C26FD72B89577E0042F008 /* CircleImage.swift */,
				49C26FD92B8961050042F008 /* MapView.swift */,
			);
			path = Helper;
			sourceTree = "<group>";
		};
/* End PBXGroup section */

/* Begin PBXNativeTarget section */
		49C26FA72B894F930042F008 /* Landmarks */ = {
			isa = PBXNativeTarget;
			buildConfigurationList = 49C26FCC2B894F970042F008 /* Build configuration list for PBXNativeTarget "Landmarks" */;
			buildPhases = (
				49C26FA42B894F930042F008 /* Sources */,
				49C26FA52B894F930042F008 /* Frameworks */,
				49C26FA62B894F930042F008 /* Resources */,
			);
			buildRules = (
			);
			dependencies = (
			);
			name = Landmarks;
			productName = Landmarks;
			productReference = 49C26FA82B894F930042F008 /* Landmarks.app */;
			productType = "com.apple.product-type.application";
		};
		49C26FB72B894F970042F008 /* LandmarksTests */ = {
			isa = PBXNativeTarget;
			buildConfigurationList = 49C26FCF2B894F970042F008 /* Build configuration list for PBXNativeTarget "LandmarksTests" */;
			buildPhases = (
				49C26FB42B894F970042F008 /* Sources */,
				49C26FB52B894F970042F008 /* Frameworks */,
				49C26FB62B894F970042F008 /* Resources */,
			);
			buildRules = (
			);
			dependencies = (
				49C26FBA2B894F970042F008 /* PBXTargetDependency */,
			);
			name = LandmarksTests;
			productName = LandmarksTests;
			productReference = 49C26FB82B894F970042F008 /* LandmarksTests.xctest */;
			productType = "com.apple.product-type.bundle.unit-test";
		};
		49C26FC12B894F970042F008 /* LandmarksUITests */ = {
			isa = PBXNativeTarget;
			buildConfigurationList = 49C26FD22B894F970042F008 /* Build configuration list for PBXNativeTarget "LandmarksUITests" */;
			buildPhases = (
				49C26FBE2B894F970042F008 /* Sources */,
				49C26FBF2B894F970042F008 /* Frameworks */,
				49C26FC02B894F970042F008 /* Resources */,
			);
			buildRules = (
			);
			dependencies = (
				49C26FC42B894F970042F008 /* PBXTargetDependency */,
			);
			name = LandmarksUITests;
			productName = LandmarksUITests;
			productReference = 49C26FC22B894F970042F008 /* LandmarksUITests.xctest */;
			productType = "com.apple.product-type.bundle.ui-testing";
		};
/* End PBXNativeTarget section */

/* Begin PBXProject section */
		49C26FA02B894F930042F008 /* Project object */ = {
			isa = PBXProject;
			attributes = {
				BuildIndependentTargetsInParallel = 1;
				LastSwiftUpdateCheck = 1520;
				LastUpgradeCheck = 1520;
				TargetAttributes = {
					49C26FA72B894F930042F008 = {
						CreatedOnToolsVersion = 15.2;
					};
					49C26FB72B894F970042F008 = {
						CreatedOnToolsVersion = 15.2;
						TestTargetID = 49C26FA72B894F930042F008;
					};
					49C26FC12B894F970042F008 = {
						CreatedOnToolsVersion = 15.2;
						TestTargetID = 49C26FA72B894F930042F008;
					};
				};
			};
			buildConfigurationList = 49C26FA32B894F930042F008 /* Build configuration list for PBXProject "Landmarks" */;
			compatibilityVersion = "Xcode 14.0";
			developmentRegion = en;
			hasScannedForEncodings = 0;
			knownRegions = (
				en,
				Base,
			);
			mainGroup = 49C26F9F2B894F930042F008;
			productRefGroup = 49C26FA92B894F930042F008 /* Products */;
			projectDirPath = "";
			projectRoot = "";
			targets = (
				49C26FA72B894F930042F008 /* Landmarks */,
				49C26FB72B894F970042F008 /* LandmarksTests */,
				49C26FC12B894F970042F008 /* LandmarksUITests */,
			);
		};
/* End PBXProject section */

/* Begin PBXResourcesBuildPhase section */
		49C26FA62B894F930042F008 /* Resources */ = {
			isa = PBXResourcesBuildPhase;
			buildActionMask = 2147483647;
			files = (
				49C26FB32B894F970042F008 /* Preview Assets.xcassets in Resources */,
				49DB91A72B8BFABB001DF4EE /* landmark_app_icon_1024x1024.png in Resources */,
				49C26FB02B894F970042F008 /* Assets.xcassets in Resources */,
				49C26FDC2B896BA70042F008 /* landmarkData.json in Resources */,
			);
			runOnlyForDeploymentPostprocessing = 0;
		};
		49C26FB62B894F970042F008 /* Resources */ = {
			isa = PBXResourcesBuildPhase;
			buildActionMask = 2147483647;
			files = (
			);
			runOnlyForDeploymentPostprocessing = 0;
		};
		49C26FC02B894F970042F008 /* Resources */ = {
			isa = PBXResourcesBuildPhase;
			buildActionMask = 2147483647;
			files = (
			);
			runOnlyForDeploymentPostprocessing = 0;
		};
/* End PBXResourcesBuildPhase section */

/* Begin PBXSourcesBuildPhase section */
		49C26FA42B894F930042F008 /* Sources */ = {
			isa = PBXSourcesBuildPhase;
			buildActionMask = 2147483647;
			files = (
				49C26FAE2B894F930042F008 /* ContentView.swift in Sources */,
				49C26FDA2B8961050042F008 /* MapView.swift in Sources */,
				49C26FE52B8975220042F008 /* LandmarkRow.swift in Sources */,
				49DB919F2B8BE760001DF4EE /* FavoriteButton.swift in Sources */,
				49DB91A32B8BF1DE001DF4EE /* HexagonParameters.swift in Sources */,
				49DB91A92B8BFC28001DF4EE /* BadgeSymbol.swift in Sources */,
				4902BF082B8B989B00F95610 /* LandmarkList.swift in Sources */,
				4902BF0A2B8B9B7500F95610 /* LandmarkDetail.swift in Sources */,
				49DB91A52B8BF491001DF4EE /* BadgeBackground.swift in Sources */,
				49C26FAC2B894F930042F008 /* LandmarksApp.swift in Sources */,
				49C26FD82B89577E0042F008 /* CircleImage.swift in Sources */,
				49C26FDE2B896BE00042F008 /* Landmark.swift in Sources */,
				49C26FE02B896ED60042F008 /* ModelData.swift in Sources */,
			);
			runOnlyForDeploymentPostprocessing = 0;
		};
		49C26FB42B894F970042F008 /* Sources */ = {
			isa = PBXSourcesBuildPhase;
			buildActionMask = 2147483647;
			files = (
				49C26FBD2B894F970042F008 /* LandmarksTests.swift in Sources */,
			);
			runOnlyForDeploymentPostprocessing = 0;
		};
		49C26FBE2B894F970042F008 /* Sources */ = {
			isa = PBXSourcesBuildPhase;
			buildActionMask = 2147483647;
			files = (
				49C26FC92B894F970042F008 /* LandmarksUITestsLaunchTests.swift in Sources */,
				49C26FC72B894F970042F008 /* LandmarksUITests.swift in Sources */,
			);
			runOnlyForDeploymentPostprocessing = 0;
		};
/* End PBXSourcesBuildPhase section */

/* Begin PBXTargetDependency section */
		49C26FBA2B894F970042F008 /* PBXTargetDependency */ = {
			isa = PBXTargetDependency;
			target = 49C26FA72B894F930042F008 /* Landmarks */;
			targetProxy = 49C26FB92B894F970042F008 /* PBXContainerItemProxy */;
		};
		49C26FC42B894F970042F008 /* PBXTargetDependency */ = {
			isa = PBXTargetDependency;
			target = 49C26FA72B894F930042F008 /* Landmarks */;
			targetProxy = 49C26FC32B894F970042F008 /* PBXContainerItemProxy */;
		};
/* End PBXTargetDependency section */

/* Begin XCBuildConfiguration section */
		49C26FCA2B894F970042F008 /* Debug */ = {
			isa = XCBuildConfiguration;
			buildSettings = {
				ALWAYS_SEARCH_USER_PATHS = NO;
				ASSETCATALOG_COMPILER_GENERATE_SWIFT_ASSET_SYMBOL_EXTENSIONS = YES;
				CLANG_ANALYZER_NONNULL = YES;
				CLANG_ANALYZER_NUMBER_OBJECT_CONVERSION = YES_AGGRESSIVE;
				CLANG_CXX_LANGUAGE_STANDARD = "gnu++20";
				CLANG_ENABLE_MODULES = YES;
				CLANG_ENABLE_OBJC_ARC = YES;
				CLANG_ENABLE_OBJC_WEAK = YES;
				CLANG_WARN_BLOCK_CAPTURE_AUTORELEASING = YES;
				CLANG_WARN_BOOL_CONVERSION = YES;
				CLANG_WARN_COMMA = YES;
				CLANG_WARN_CONSTANT_CONVERSION = YES;
				CLANG_WARN_DEPRECATED_OBJC_IMPLEMENTATIONS = YES;
				CLANG_WARN_DIRECT_OBJC_ISA_USAGE = YES_ERROR;
				CLANG_WARN_DOCUMENTATION_COMMENTS = YES;
				CLANG_WARN_EMPTY_BODY = YES;
				CLANG_WARN_ENUM_CONVERSION = YES;
				CLANG_WARN_INFINITE_RECURSION = YES;
				CLANG_WARN_INT_CONVERSION = YES;
				CLANG_WARN_NON_LITERAL_NULL_CONVERSION = YES;
				CLANG_WARN_OBJC_IMPLICIT_RETAIN_SELF = YES;
				CLANG_WARN_OBJC_LITERAL_CONVERSION = YES;
				CLANG_WARN_OBJC_ROOT_CLASS = YES_ERROR;
				CLANG_WARN_QUOTED_INCLUDE_IN_FRAMEWORK_HEADER = YES;
				CLANG_WARN_RANGE_LOOP_ANALYSIS = YES;
				CLANG_WARN_STRICT_PROTOTYPES = YES;
				CLANG_WARN_SUSPICIOUS_MOVE = YES;
				CLANG_WARN_UNGUARDED_AVAILABILITY = YES_AGGRESSIVE;
				CLANG_WARN_UNREACHABLE_CODE = YES;
				CLANG_WARN__DUPLICATE_METHOD_MATCH = YES;
				COPY_PHASE_STRIP = NO;
				DEBUG_INFORMATION_FORMAT = dwarf;
				ENABLE_STRICT_OBJC_MSGSEND = YES;
				ENABLE_TESTABILITY = YES;
				ENABLE_USER_SCRIPT_SANDBOXING = YES;
				GCC_C_LANGUAGE_STANDARD = gnu17;
				GCC_DYNAMIC_NO_PIC = NO;
				GCC_NO_COMMON_BLOCKS = YES;
				GCC_OPTIMIZATION_LEVEL = 0;
				GCC_PREPROCESSOR_DEFINITIONS = (
					"DEBUG=1",
					"$(inherited)",
				);
				GCC_WARN_64_TO_32_BIT_CONVERSION = YES;
				GCC_WARN_ABOUT_RETURN_TYPE = YES_ERROR;
				GCC_WARN_UNDECLARED_SELECTOR = YES;
				GCC_WARN_UNINITIALIZED_AUTOS = YES_AGGRESSIVE;
				GCC_WARN_UNUSED_FUNCTION = YES;
				GCC_WARN_UNUSED_VARIABLE = YES;
				IPHONEOS_DEPLOYMENT_TARGET = 17.2;
				LOCALIZATION_PREFERS_STRING_CATALOGS = YES;
				MTL_ENABLE_DEBUG_INFO = INCLUDE_SOURCE;
				MTL_FAST_MATH = YES;
				ONLY_ACTIVE_ARCH = YES;
				SDKROOT = iphoneos;
				SWIFT_ACTIVE_COMPILATION_CONDITIONS = "DEBUG $(inherited)";
				SWIFT_OPTIMIZATION_LEVEL = "-Onone";
			};
			name = Debug;
		};
		49C26FCB2B894F970042F008 /* Release */ = {
			isa = XCBuildConfiguration;
			buildSettings = {
				ALWAYS_SEARCH_USER_PATHS = NO;
				ASSETCATALOG_COMPILER_GENERATE_SWIFT_ASSET_SYMBOL_EXTENSIONS = YES;
				CLANG_ANALYZER_NONNULL = YES;
				CLANG_ANALYZER_NUMBER_OBJECT_CONVERSION = YES_AGGRESSIVE;
				CLANG_CXX_LANGUAGE_STANDARD = "gnu++20";
				CLANG_ENABLE_MODULES = YES;
				CLANG_ENABLE_OBJC_ARC = YES;
				CLANG_ENABLE_OBJC_WEAK = YES;
				CLANG_WARN_BLOCK_CAPTURE_AUTORELEASING = YES;
				CLANG_WARN_BOOL_CONVERSION = YES;
				CLANG_WARN_COMMA = YES;
				CLANG_WARN_CONSTANT_CONVERSION = YES;
				CLANG_WARN_DEPRECATED_OBJC_IMPLEMENTATIONS = YES;
				CLANG_WARN_DIRECT_OBJC_ISA_USAGE = YES_ERROR;
				CLANG_WARN_DOCUMENTATION_COMMENTS = YES;
				CLANG_WARN_EMPTY_BODY = YES;
				CLANG_WARN_ENUM_CONVERSION = YES;
				CLANG_WARN_INFINITE_RECURSION = YES;
				CLANG_WARN_INT_CONVERSION = YES;
				CLANG_WARN_NON_LITERAL_NULL_CONVERSION = YES;
				CLANG_WARN_OBJC_IMPLICIT_RETAIN_SELF = YES;
				CLANG_WARN_OBJC_LITERAL_CONVERSION = YES;
				CLANG_WARN_OBJC_ROOT_CLASS = YES_ERROR;
				CLANG_WARN_QUOTED_INCLUDE_IN_FRAMEWORK_HEADER = YES;
				CLANG_WARN_RANGE_LOOP_ANALYSIS = YES;
				CLANG_WARN_STRICT_PROTOTYPES = YES;
				CLANG_WARN_SUSPICIOUS_MOVE = YES;
				CLANG_WARN_UNGUARDED_AVAILABILITY = YES_AGGRESSIVE;
				CLANG_WARN_UNREACHABLE_CODE = YES;
				CLANG_WARN__DUPLICATE_METHOD_MATCH = YES;
				COPY_PHASE_STRIP = NO;
				DEBUG_INFORMATION_FORMAT = "dwarf-with-dsym";
				ENABLE_NS_ASSERTIONS = NO;
				ENABLE_STRICT_OBJC_MSGSEND = YES;
				ENABLE_USER_SCRIPT_SANDBOXING = YES;
				GCC_C_LANGUAGE_STANDARD = gnu17;
				GCC_NO_COMMON_BLOCKS = YES;
				GCC_WARN_64_TO_32_BIT_CONVERSION = YES;
				GCC_WARN_ABOUT_RETURN_TYPE = YES_ERROR;
				GCC_WARN_UNDECLARED_SELECTOR = YES;
				GCC_WARN_UNINITIALIZED_AUTOS = YES_AGGRESSIVE;
				GCC_WARN_UNUSED_FUNCTION = YES;
				GCC_WARN_UNUSED_VARIABLE = YES;
				IPHONEOS_DEPLOYMENT_TARGET = 17.2;
				LOCALIZATION_PREFERS_STRING_CATALOGS = YES;
				MTL_ENABLE_DEBUG_INFO = NO;
				MTL_FAST_MATH = YES;
				SDKROOT = iphoneos;
				SWIFT_COMPILATION_MODE = wholemodule;
				VALIDATE_PRODUCT = YES;
			};
			name = Release;
		};
		49C26FCD2B894F970042F008 /* Debug */ = {
			isa = XCBuildConfiguration;
			buildSettings = {
				ASSETCATALOG_COMPILER_APPICON_NAME = AppIcon;
				ASSETCATALOG_COMPILER_GLOBAL_ACCENT_COLOR_NAME = AccentColor;
				CODE_SIGN_STYLE = Automatic;
				CURRENT_PROJECT_VERSION = 1;
				DEVELOPMENT_ASSET_PATHS = "\"Landmarks/Preview Content\"";
				DEVELOPMENT_TEAM = 4X3PS9BP7A;
				ENABLE_PREVIEWS = YES;
				GENERATE_INFOPLIST_FILE = YES;
				INFOPLIST_KEY_UIApplicationSceneManifest_Generation = YES;
				INFOPLIST_KEY_UIApplicationSupportsIndirectInputEvents = YES;
				INFOPLIST_KEY_UILaunchScreen_Generation = YES;
				INFOPLIST_KEY_UISupportedInterfaceOrientations_iPad = "UIInterfaceOrientationPortrait UIInterfaceOrientationPortraitUpsideDown UIInterfaceOrientationLandscapeLeft UIInterfaceOrientationLandscapeRight";
				INFOPLIST_KEY_UISupportedInterfaceOrientations_iPhone = "UIInterfaceOrientationPortrait UIInterfaceOrientationLandscapeLeft UIInterfaceOrientationLandscapeRight";
				LD_RUNPATH_SEARCH_PATHS = (
					"$(inherited)",
					"@executable_path/Frameworks",
				);
				MARKETING_VERSION = 1.0;
				PRODUCT_BUNDLE_IDENTIFIER = "Joshua-Parker.Landmarks";
				PRODUCT_NAME = "$(TARGET_NAME)";
				SWIFT_EMIT_LOC_STRINGS = YES;
				SWIFT_VERSION = 5.0;
				TARGETED_DEVICE_FAMILY = "1,2";
			};
			name = Debug;
		};
		49C26FCE2B894F970042F008 /* Release */ = {
			isa = XCBuildConfiguration;
			buildSettings = {
				ASSETCATALOG_COMPILER_APPICON_NAME = AppIcon;
				ASSETCATALOG_COMPILER_GLOBAL_ACCENT_COLOR_NAME = AccentColor;
				CODE_SIGN_STYLE = Automatic;
				CURRENT_PROJECT_VERSION = 1;
				DEVELOPMENT_ASSET_PATHS = "\"Landmarks/Preview Content\"";
				DEVELOPMENT_TEAM = 4X3PS9BP7A;
				ENABLE_PREVIEWS = YES;
				GENERATE_INFOPLIST_FILE = YES;
				INFOPLIST_KEY_UIApplicationSceneManifest_Generation = YES;
				INFOPLIST_KEY_UIApplicationSupportsIndirectInputEvents = YES;
				INFOPLIST_KEY_UILaunchScreen_Generation = YES;
				INFOPLIST_KEY_UISupportedInterfaceOrientations_iPad = "UIInterfaceOrientationPortrait UIInterfaceOrientationPortraitUpsideDown UIInterfaceOrientationLandscapeLeft UIInterfaceOrientationLandscapeRight";
				INFOPLIST_KEY_UISupportedInterfaceOrientations_iPhone = "UIInterfaceOrientationPortrait UIInterfaceOrientationLandscapeLeft UIInterfaceOrientationLandscapeRight";
				LD_RUNPATH_SEARCH_PATHS = (
					"$(inherited)",
					"@executable_path/Frameworks",
				);
				MARKETING_VERSION = 1.0;
				PRODUCT_BUNDLE_IDENTIFIER = "Joshua-Parker.Landmarks";
				PRODUCT_NAME = "$(TARGET_NAME)";
				SWIFT_EMIT_LOC_STRINGS = YES;
				SWIFT_VERSION = 5.0;
				TARGETED_DEVICE_FAMILY = "1,2";
			};
			name = Release;
		};
		49C26FD02B894F970042F008 /* Debug */ = {
			isa = XCBuildConfiguration;
			buildSettings = {
				ALWAYS_EMBED_SWIFT_STANDARD_LIBRARIES = YES;
				BUNDLE_LOADER = "$(TEST_HOST)";
				CODE_SIGN_STYLE = Automatic;
				CURRENT_PROJECT_VERSION = 1;
				DEVELOPMENT_TEAM = 4X3PS9BP7A;
				GENERATE_INFOPLIST_FILE = YES;
				IPHONEOS_DEPLOYMENT_TARGET = 17.2;
				MARKETING_VERSION = 1.0;
				PRODUCT_BUNDLE_IDENTIFIER = "Joshua-Parker.LandmarksTests";
				PRODUCT_NAME = "$(TARGET_NAME)";
				SWIFT_EMIT_LOC_STRINGS = NO;
				SWIFT_VERSION = 5.0;
				TARGETED_DEVICE_FAMILY = "1,2";
				TEST_HOST = "$(BUILT_PRODUCTS_DIR)/Landmarks.app/$(BUNDLE_EXECUTABLE_FOLDER_PATH)/Landmarks";
			};
			name = Debug;
		};
		49C26FD12B894F970042F008 /* Release */ = {
			isa = XCBuildConfiguration;
			buildSettings = {
				ALWAYS_EMBED_SWIFT_STANDARD_LIBRARIES = YES;
				BUNDLE_LOADER = "$(TEST_HOST)";
				CODE_SIGN_STYLE = Automatic;
				CURRENT_PROJECT_VERSION = 1;
				DEVELOPMENT_TEAM = 4X3PS9BP7A;
				GENERATE_INFOPLIST_FILE = YES;
				IPHONEOS_DEPLOYMENT_TARGET = 17.2;
				MARKETING_VERSION = 1.0;
				PRODUCT_BUNDLE_IDENTIFIER = "Joshua-Parker.LandmarksTests";
				PRODUCT_NAME = "$(TARGET_NAME)";
				SWIFT_EMIT_LOC_STRINGS = NO;
				SWIFT_VERSION = 5.0;
				TARGETED_DEVICE_FAMILY = "1,2";
				TEST_HOST = "$(BUILT_PRODUCTS_DIR)/Landmarks.app/$(BUNDLE_EXECUTABLE_FOLDER_PATH)/Landmarks";
			};
			name = Release;
		};
		49C26FD32B894F970042F008 /* Debug */ = {
			isa = XCBuildConfiguration;
			buildSettings = {
				ALWAYS_EMBED_SWIFT_STANDARD_LIBRARIES = YES;
				CODE_SIGN_STYLE = Automatic;
				CURRENT_PROJECT_VERSION = 1;
				DEVELOPMENT_TEAM = 4X3PS9BP7A;
				GENERATE_INFOPLIST_FILE = YES;
				MARKETING_VERSION = 1.0;
				PRODUCT_BUNDLE_IDENTIFIER = "Joshua-Parker.LandmarksUITests";
				PRODUCT_NAME = "$(TARGET_NAME)";
				SWIFT_EMIT_LOC_STRINGS = NO;
				SWIFT_VERSION = 5.0;
				TARGETED_DEVICE_FAMILY = "1,2";
				TEST_TARGET_NAME = Landmarks;
			};
			name = Debug;
		};
		49C26FD42B894F970042F008 /* Release */ = {
			isa = XCBuildConfiguration;
			buildSettings = {
				ALWAYS_EMBED_SWIFT_STANDARD_LIBRARIES = YES;
				CODE_SIGN_STYLE = Automatic;
				CURRENT_PROJECT_VERSION = 1;
				DEVELOPMENT_TEAM = 4X3PS9BP7A;
				GENERATE_INFOPLIST_FILE = YES;
				MARKETING_VERSION = 1.0;
				PRODUCT_BUNDLE_IDENTIFIER = "Joshua-Parker.LandmarksUITests";
				PRODUCT_NAME = "$(TARGET_NAME)";
				SWIFT_EMIT_LOC_STRINGS = NO;
				SWIFT_VERSION = 5.0;
				TARGETED_DEVICE_FAMILY = "1,2";
				TEST_TARGET_NAME = Landmarks;
			};
			name = Release;
		};
/* End XCBuildConfiguration section */

/* Begin XCConfigurationList section */
		49C26FA32B894F930042F008 /* Build configuration list for PBXProject "Landmarks" */ = {
			isa = XCConfigurationList;
			buildConfigurations = (
				49C26FCA2B894F970042F008 /* Debug */,
				49C26FCB2B894F970042F008 /* Release */,
			);
			defaultConfigurationIsVisible = 0;
			defaultConfigurationName = Release;
		};
		49C26FCC2B894F970042F008 /* Build configuration list for PBXNativeTarget "Landmarks" */ = {
			isa = XCConfigurationList;
			buildConfigurations = (
				49C26FCD2B894F970042F008 /* Debug */,
				49C26FCE2B894F970042F008 /* Release */,
			);
			defaultConfigurationIsVisible = 0;
			defaultConfigurationName = Release;
		};
		49C26FCF2B894F970042F008 /* Build configuration list for PBXNativeTarget "LandmarksTests" */ = {
			isa = XCConfigurationList;
			buildConfigurations = (
				49C26FD02B894F970042F008 /* Debug */,
				49C26FD12B894F970042F008 /* Release */,
			);
			defaultConfigurationIsVisible = 0;
			defaultConfigurationName = Release;
		};
		49C26FD22B894F970042F008 /* Build configuration list for PBXNativeTarget "LandmarksUITests" */ = {
			isa = XCConfigurationList;
			buildConfigurations = (
				49C26FD32B894F970042F008 /* Debug */,
				49C26FD42B894F970042F008 /* Release */,
			);
			defaultConfigurationIsVisible = 0;
			defaultConfigurationName = Release;
		};
/* End XCConfigurationList section */
	};
	rootObject = 49C26FA02B894F930042F008 /* Project object */;
}
